
Microsoft Visual Studio Solution File, Format Version 12.00
# Visual Studio Version 16
VisualStudioVersion = 16.0.29503.13
MinimumVisualStudioVersion = 10.0.40219.1
Project("{FAE04EC0-301F-11D3-BF4B-00C04F79EFBC}") = "PartialClassDemo", "PartialClassDemo\PartialClassDemo.csproj", "{E51040DC-D6CC-4497-9A1C-539F5479C9B7}"
EndProject
Project("{FAE04EC0-301F-11D3-BF4B-00C04F79EFBC}") = "SimpleWinFormsApp", "SimpleWinFormsApp\SimpleWinFormsApp.csproj", "{BBDB6403-C0F2-40E7-9E6B-A08307C8AF8C}"
EndProject
Global
	GlobalSection(SolutionConfigurationPlatforms) = preSolution
		Debug|Any CPU = Debug|Any CPU
		Release|Any CPU = Release|Any CPU
	EndGlobalSection
	GlobalSection(ProjectConfigurationPlatforms) = postSolution
		{E51040DC-D6CC-4497-9A1C-539F5479C9B7}.Debug|Any CPU.ActiveCfg = Debug|Any CPU
		{E51040DC-D6CC-4497-9A1C-539F5479C9B7}.Debug|Any CPU.Build.0 = Debug|Any CPU
		{E51040DC-D6CC-4497-9A1C-539F5479C9B7}.Release|Any CPU.ActiveCfg = Release|Any CPU
		{E51040DC-D6CC-4497-9A1C-539F5479C9B7}.Release|Any CPU.Build.0 = Release|Any CPU
		{BBDB6403-C0F2-40E7-9E6B-A08307C8AF8C}.Debug|Any CPU.ActiveCfg = Debug|Any CPU
		{BBDB6403-C0F2-40E7-9E6B-A08307C8AF8C}.Debug|Any CPU.Build.0 = Debug|Any CPU
		{BBDB6403-C0F2-40E7-9E6B-A08307C8AF8C}.Release|Any CPU.ActiveCfg = Release|Any CPU
		{BBDB6403-C0F2-40E7-9E6B-A08307C8AF8C}.Release|Any CPU.Build.0 = Release|Any CPU
	EndGlobalSection
	GlobalSection(SolutionProperties) = preSolution
		HideSolutionNode = FALSE
	EndGlobalSection
	GlobalSection(ExtensibilityGlobals) = postSolution
		SolutionGuid = {830B4B8D-88BD-45DA-B35D-BFE47DA6E356}
	EndGlobalSection
EndGlobal
